
Microsoft Visual Studio Solution File, Format Version 12.00
# Visual Studio 15
VisualStudioVersion = 15.0.28010.2050
MinimumVisualStudioVersion = 10.0.40219.1
Project("{FAE04EC0-301F-11D3-BF4B-00C04F79EFBC}") = "DutchTreat", "DutchTreat\DutchTreat.csproj", "{2CEADBD1-E11A-49E5-B3E7-462624BD16EA}"
EndProject
Global
	GlobalSection(SolutionConfigurationPlatforms) = preSolution
		Debug|Any CPU = Debug|Any CPU
		Release|Any CPU = Release|Any CPU
	EndGlobalSection
	GlobalSection(ProjectConfigurationPlatforms) = postSolution
		{2CEADBD1-E11A-49E5-B3E7-462624BD16EA}.Debug|Any CPU.ActiveCfg = Debug|Any CPU
		{2CEADBD1-E11A-49E5-B3E7-462624BD16EA}.Debug|Any CPU.Build.0 = Debug|Any CPU
		{2CEADBD1-E11A-49E5-B3E7-462624BD16EA}.Release|Any CPU.ActiveCfg = Release|Any CPU
		{2CEADBD1-E11A-49E5-B3E7-462624BD16EA}.Release|Any CPU.Build.0 = Release|Any CPU
	EndGlobalSection
	GlobalSection(SolutionProperties) = preSolution
		HideSolutionNode = FALSE
	EndGlobalSection
	GlobalSection(ExtensibilityGlobals) = postSolution
		SolutionGuid = {83357AE5-9733-4CDC-841F-CC8526257E27}
	EndGlobalSection
EndGlobal
